
Microsoft Visual Studio Solution File, Format Version 12.00
# Visual Studio Version 17
VisualStudioVersion = 17.9.34616.47
MinimumVisualStudioVersion = 10.0.40219.1
Project("{FAE04EC0-301F-11D3-BF4B-00C04F79EFBC}") = "pain8_2", "pain8_2\pain8_2.csproj", "{EFEA0CB7-33EA-42F6-B3DB-9CFD9B7ECE42}"
EndProject
Global
	GlobalSection(SolutionConfigurationPlatforms) = preSolution
		Debug|Any CPU = Debug|Any CPU
		Release|Any CPU = Release|Any CPU
	EndGlobalSection
	GlobalSection(ProjectConfigurationPlatforms) = postSolution
		{EFEA0CB7-33EA-42F6-B3DB-9CFD9B7ECE42}.Debug|Any CPU.ActiveCfg = Debug|Any CPU
		{EFEA0CB7-33EA-42F6-B3DB-9CFD9B7ECE42}.Debug|Any CPU.Build.0 = Debug|Any CPU
		{EFEA0CB7-33EA-42F6-B3DB-9CFD9B7ECE42}.Release|Any CPU.ActiveCfg = Release|Any CPU
		{EFEA0CB7-33EA-42F6-B3DB-9CFD9B7ECE42}.Release|Any CPU.Build.0 = Release|Any CPU
	EndGlobalSection
	GlobalSection(SolutionProperties) = preSolution
		HideSolutionNode = FALSE
	EndGlobalSection
	GlobalSection(ExtensibilityGlobals) = postSolution
		SolutionGuid = {A9173EBB-F7CA-471A-8FD3-33DAC14FA0C6}
	EndGlobalSection
EndGlobal
