
Microsoft Visual Studio Solution File, Format Version 12.00
# Visual Studio Version 17
VisualStudioVersion = 17.9.34616.47
MinimumVisualStudioVersion = 10.0.40219.1
Project("{FAE04EC0-301F-11D3-BF4B-00C04F79EFBC}") = "9", "9\9.csproj", "{4522CD60-ECB2-4FF4-8AB9-4EDB6E7489F6}"
EndProject
Global
	GlobalSection(SolutionConfigurationPlatforms) = preSolution
		Debug|Any CPU = Debug|Any CPU
		Release|Any CPU = Release|Any CPU
	EndGlobalSection
	GlobalSection(ProjectConfigurationPlatforms) = postSolution
		{4522CD60-ECB2-4FF4-8AB9-4EDB6E7489F6}.Debug|Any CPU.ActiveCfg = Debug|Any CPU
		{4522CD60-ECB2-4FF4-8AB9-4EDB6E7489F6}.Debug|Any CPU.Build.0 = Debug|Any CPU
		{4522CD60-ECB2-4FF4-8AB9-4EDB6E7489F6}.Release|Any CPU.ActiveCfg = Release|Any CPU
		{4522CD60-ECB2-4FF4-8AB9-4EDB6E7489F6}.Release|Any CPU.Build.0 = Release|Any CPU
	EndGlobalSection
	GlobalSection(SolutionProperties) = preSolution
		HideSolutionNode = FALSE
	EndGlobalSection
	GlobalSection(ExtensibilityGlobals) = postSolution
		SolutionGuid = {74CAB3EF-5D92-4403-BAD8-0D6C4F647E18}
	EndGlobalSection
EndGlobal
