
Microsoft Visual Studio Solution File, Format Version 12.00
# Visual Studio Version 17
VisualStudioVersion = 17.9.34616.47
MinimumVisualStudioVersion = 10.0.40219.1
Project("{FAE04EC0-301F-11D3-BF4B-00C04F79EFBC}") = "pain10", "pain10\pain10.csproj", "{11FF1ADF-D564-445B-B124-C309B93369D3}"
EndProject
Global
	GlobalSection(SolutionConfigurationPlatforms) = preSolution
		Debug|Any CPU = Debug|Any CPU
		Release|Any CPU = Release|Any CPU
	EndGlobalSection
	GlobalSection(ProjectConfigurationPlatforms) = postSolution
		{11FF1ADF-D564-445B-B124-C309B93369D3}.Debug|Any CPU.ActiveCfg = Debug|Any CPU
		{11FF1ADF-D564-445B-B124-C309B93369D3}.Debug|Any CPU.Build.0 = Debug|Any CPU
		{11FF1ADF-D564-445B-B124-C309B93369D3}.Release|Any CPU.ActiveCfg = Release|Any CPU
		{11FF1ADF-D564-445B-B124-C309B93369D3}.Release|Any CPU.Build.0 = Release|Any CPU
	EndGlobalSection
	GlobalSection(SolutionProperties) = preSolution
		HideSolutionNode = FALSE
	EndGlobalSection
	GlobalSection(ExtensibilityGlobals) = postSolution
		SolutionGuid = {ADD75D40-9B52-4EFC-A4FF-2212377CE84A}
	EndGlobalSection
EndGlobal
